
Microsoft Visual Studio Solution File, Format Version 12.00
# Visual Studio Version 17
VisualStudioVersion = 17.13.35931.197 d17.13
MinimumVisualStudioVersion = 10.0.40219.1
Project("{FAE04EC0-301F-11D3-BF4B-00C04F79EFBC}") = "PruebaTecnicaBack", "PruebaTecnicaBack\PruebaTecnicaBack.csproj", "{56D04905-D36B-486A-8B54-30976BE43DF0}"
EndProject
Global
	GlobalSection(SolutionConfigurationPlatforms) = preSolution
		Debug|Any CPU = Debug|Any CPU
		Release|Any CPU = Release|Any CPU
	EndGlobalSection
	GlobalSection(ProjectConfigurationPlatforms) = postSolution
		{56D04905-D36B-486A-8B54-30976BE43DF0}.Debug|Any CPU.ActiveCfg = Debug|Any CPU
		{56D04905-D36B-486A-8B54-30976BE43DF0}.Debug|Any CPU.Build.0 = Debug|Any CPU
		{56D04905-D36B-486A-8B54-30976BE43DF0}.Release|Any CPU.ActiveCfg = Release|Any CPU
		{56D04905-D36B-486A-8B54-30976BE43DF0}.Release|Any CPU.Build.0 = Release|Any CPU
	EndGlobalSection
	GlobalSection(SolutionProperties) = preSolution
		HideSolutionNode = FALSE
	EndGlobalSection
	GlobalSection(ExtensibilityGlobals) = postSolution
		SolutionGuid = {8E9C3479-AEDC-431F-BF05-DDA8E0670199}
	EndGlobalSection
EndGlobal
